
Microsoft Visual Studio Solution File, Format Version 12.00
# Visual Studio Version 17
VisualStudioVersion = 17.1.32210.238
MinimumVisualStudioVersion = 10.0.40219.1
Project("{9A19103F-16F7-4668-BE54-9A1E7A4F7556}") = "MoviesAPI", "MoviesAPI\MoviesAPI.csproj", "{308CC949-1844-46D3-B80F-2036BE9D6763}"
EndProject
Project("{2150E333-8FDC-42A3-9474-1A3956D46DE8}") = "Solution Items", "Solution Items", "{B7EF81E6-A0CB-4F44-ACA9-2BE0574671D1}"
	ProjectSection(SolutionItems) = preProject
		.editorconfig = .editorconfig
	EndProjectSection
EndProject
Global
	GlobalSection(SolutionConfigurationPlatforms) = preSolution
		Debug|Any CPU = Debug|Any CPU
		Release|Any CPU = Release|Any CPU
	EndGlobalSection
	GlobalSection(ProjectConfigurationPlatforms) = postSolution
		{308CC949-1844-46D3-B80F-2036BE9D6763}.Debug|Any CPU.ActiveCfg = Debug|Any CPU
		{308CC949-1844-46D3-B80F-2036BE9D6763}.Debug|Any CPU.Build.0 = Debug|Any CPU
		{308CC949-1844-46D3-B80F-2036BE9D6763}.Release|Any CPU.ActiveCfg = Release|Any CPU
		{308CC949-1844-46D3-B80F-2036BE9D6763}.Release|Any CPU.Build.0 = Release|Any CPU
	EndGlobalSection
	GlobalSection(SolutionProperties) = preSolution
		HideSolutionNode = FALSE
	EndGlobalSection
	GlobalSection(ExtensibilityGlobals) = postSolution
		SolutionGuid = {28674267-0A63-47C2-9313-4387820FD85A}
	EndGlobalSection
EndGlobal
